
Microsoft Visual Studio Solution File, Format Version 12.00
# Visual Studio Version 16
VisualStudioVersion = 16.0.30611.23
MinimumVisualStudioVersion = 10.0.40219.1
Project("{8BC9CEB8-8B4A-11D0-8D11-00A0C91BC942}") = "macierz", "macierz\macierz.vcxproj", "{21333F93-9858-4F39-A1A4-04286ED1F585}"
EndProject
Global
	GlobalSection(SolutionConfigurationPlatforms) = preSolution
		Debug|x64 = Debug|x64
		Debug|x86 = Debug|x86
		Release|x64 = Release|x64
		Release|x86 = Release|x86
	EndGlobalSection
	GlobalSection(ProjectConfigurationPlatforms) = postSolution
		{21333F93-9858-4F39-A1A4-04286ED1F585}.Debug|x64.ActiveCfg = Debug|x64
		{21333F93-9858-4F39-A1A4-04286ED1F585}.Debug|x64.Build.0 = Debug|x64
		{21333F93-9858-4F39-A1A4-04286ED1F585}.Debug|x86.ActiveCfg = Debug|Win32
		{21333F93-9858-4F39-A1A4-04286ED1F585}.Debug|x86.Build.0 = Debug|Win32
		{21333F93-9858-4F39-A1A4-04286ED1F585}.Release|x64.ActiveCfg = Release|x64
		{21333F93-9858-4F39-A1A4-04286ED1F585}.Release|x64.Build.0 = Release|x64
		{21333F93-9858-4F39-A1A4-04286ED1F585}.Release|x86.ActiveCfg = Release|Win32
		{21333F93-9858-4F39-A1A4-04286ED1F585}.Release|x86.Build.0 = Release|Win32
	EndGlobalSection
	GlobalSection(SolutionProperties) = preSolution
		HideSolutionNode = FALSE
	EndGlobalSection
	GlobalSection(ExtensibilityGlobals) = postSolution
		SolutionGuid = {1E340747-450F-4293-82FE-3EB8A41109A3}
	EndGlobalSection
EndGlobal
